{
  "version": 4,
  "terraform_version": "1.1.7",
  "serial": 16,
  "lineage": "2fd1a92d-08cd-576a-e1a8-6c43f9f9b30e",
  "outputs": {
    "external_ip_address_node01_yandex_cloud": {
      "value": "130.193.51.86",
      "type": "string"
    },
    "internal_ip_address_node01_yandex_cloud": {
      "value": "192.168.101.21",
      "type": "string"
    }
  },
  "resources": [
    {
      "mode": "managed",
      "type": "yandex_compute_instance",
      "name": "node01",
      "provider": "provider[\"registry.terraform.io/yandex-cloud/yandex\"]",
      "instances": [
        {
          "schema_version": 1,
          "attributes": {
            "allow_stopping_for_update": true,
            "boot_disk": [
              {
                "auto_delete": true,
                "device_name": "fhm8en44sfslj04vsqh0",
                "disk_id": "fhm8en44sfslj04vsqh0",
                "initialize_params": [
                  {
                    "block_size": 4096,
                    "description": "",
                    "image_id": "fd8kdp790pc1tjll393m",
                    "name": "root-node01",
                    "size": 50,
                    "snapshot_id": "",
                    "type": "network-ssd"
                  }
                ],
                "mode": "READ_WRITE"
              }
            ],
            "created_at": "2022-03-21T14:37:55Z",
            "description": "",
            "folder_id": "b1gido7jghida49n0l1h",
            "fqdn": "node01.netology.cloud",
            "hostname": "node01",
            "id": "fhm90p21tao0ad7pcoc8",
            "labels": null,
            "metadata": {
              "ssh-keys": "centos:ssh-rsa AAAAB3NzaC1yc2EAAAADAQABAAABgQDd2WFgAhE8oZP4rfqd8FBp+yYl4ujOKVe4idgBxZ0+K03Q+iMxM2z37e1dTCU6lHHeLm8iPE7H86YwzmQIui7rrA+wcZhhtz7sOHqCt/rgbMXxIYeAsXPABKU5s6K0j4H0nSZ3qvGMeMjIqvFZP48C+ZRc9RqRtHF+a+Mv/3AOwbnQ/biuspYGTVWNFyJgYzU6/i30bEsOd0xIQF76rPFd8eWsLn+A1wHkrRxtlJCIC3PlU+Z9Hm7DVCeoE8lFCPAQZFYItOaNZO5IQdzYlGDqckItkL445SV66gvRiG15a6K8pvBt1P90Zk0XzGv21qkworfkEx/I761YwhVvxjUS8njYK2esdViRfYsi2HWNU74LQ/A8HNaqyyTTfwu/K2cEIPppXLSPLevmSxzkPWlFX2JBbwVDahRmlrPSPpb/VexbtB88VsGq9EwGqHpVoxTzduNGl3IC8SAlcn1YA7OjRgZeMIhH1STxzS2BLlc7+2HxBvVwJcC+f+Ri2V5IYlM= dma@ubuntu\n"
            },
            "name": "node01",
            "network_acceleration_type": "standard",
            "network_interface": [
              {
                "dns_record": [],
                "index": 0,
                "ip_address": "192.168.101.21",
                "ipv4": true,
                "ipv6": false,
                "ipv6_address": "",
                "ipv6_dns_record": [],
                "mac_address": "d0:0d:90:64:41:ea",
                "nat": true,
                "nat_dns_record": [],
                "nat_ip_address": "130.193.51.86",
                "nat_ip_version": "IPV4",
                "security_group_ids": [],
                "subnet_id": "e9bjnm3v0agbk32bcpll"
              }
            ],
            "placement_policy": [
              {
                "placement_group_id": ""
              }
            ],
            "platform_id": "standard-v1",
            "resources": [
              {
                "core_fraction": 100,
                "cores": 8,
                "gpus": 0,
                "memory": 8
              }
            ],
            "scheduling_policy": [
              {
                "preemptible": false
              }
            ],
            "secondary_disk": [],
            "service_account_id": "",
            "status": "running",
            "timeouts": null,
            "zone": "ru-central1-a"
          },
          "sensitive_attributes": [],
          "private": "eyJlMmJmYjczMC1lY2FhLTExZTYtOGY4OC0zNDM2M2JjN2M0YzAiOnsiY3JlYXRlIjozMDAwMDAwMDAwMDAsImRlbGV0ZSI6MzAwMDAwMDAwMDAwLCJ1cGRhdGUiOjMwMDAwMDAwMDAwMH0sInNjaGVtYV92ZXJzaW9uIjoiMSJ9",
          "dependencies": [
            "yandex_vpc_subnet.default"
          ]
        }
      ]
    },
    {
      "mode": "managed",
      "type": "yandex_compute_instance",
      "name": "node02",
      "provider": "provider[\"registry.terraform.io/yandex-cloud/yandex\"]",
      "instances": [
        {
          "schema_version": 1,
          "attributes": {
            "allow_stopping_for_update": true,
            "boot_disk": [
              {
                "auto_delete": true,
                "device_name": "fhmosiblirvq0fnhrg42",
                "disk_id": "fhmosiblirvq0fnhrg42",
                "initialize_params": [
                  {
                    "block_size": 4096,
                    "description": "",
                    "image_id": "fd8kdp790pc1tjll393m",
                    "name": "root-node02",
                    "size": 20,
                    "snapshot_id": "",
                    "type": "network-hdd"
                  }
                ],
                "mode": "READ_WRITE"
              }
            ],
            "created_at": "2022-03-21T14:37:41Z",
            "description": "",
            "folder_id": "b1gido7jghida49n0l1h",
            "fqdn": "node02.netology.cloud",
            "hostname": "node02",
            "id": "fhmh50uhl8numib92rqo",
            "labels": null,
            "metadata": {
              "ssh-keys": "centos:ssh-rsa AAAAB3NzaC1yc2EAAAADAQABAAABgQDd2WFgAhE8oZP4rfqd8FBp+yYl4ujOKVe4idgBxZ0+K03Q+iMxM2z37e1dTCU6lHHeLm8iPE7H86YwzmQIui7rrA+wcZhhtz7sOHqCt/rgbMXxIYeAsXPABKU5s6K0j4H0nSZ3qvGMeMjIqvFZP48C+ZRc9RqRtHF+a+Mv/3AOwbnQ/biuspYGTVWNFyJgYzU6/i30bEsOd0xIQF76rPFd8eWsLn+A1wHkrRxtlJCIC3PlU+Z9Hm7DVCeoE8lFCPAQZFYItOaNZO5IQdzYlGDqckItkL445SV66gvRiG15a6K8pvBt1P90Zk0XzGv21qkworfkEx/I761YwhVvxjUS8njYK2esdViRfYsi2HWNU74LQ/A8HNaqyyTTfwu/K2cEIPppXLSPLevmSxzkPWlFX2JBbwVDahRmlrPSPpb/VexbtB88VsGq9EwGqHpVoxTzduNGl3IC8SAlcn1YA7OjRgZeMIhH1STxzS2BLlc7+2HxBvVwJcC+f+Ri2V5IYlM= dma@ubuntu\n"
            },
            "name": "node02",
            "network_acceleration_type": "standard",
            "network_interface": [
              {
                "dns_record": [],
                "index": 0,
                "ip_address": "192.168.101.22",
                "ipv4": true,
                "ipv6": false,
                "ipv6_address": "",
                "ipv6_dns_record": [],
                "mac_address": "d0:0d:11:28:3d:1a",
                "nat": true,
                "nat_dns_record": [],
                "nat_ip_address": "217.28.231.92",
                "nat_ip_version": "IPV4",
                "security_group_ids": [],
                "subnet_id": "e9bjnm3v0agbk32bcpll"
              }
            ],
            "placement_policy": [
              {
                "placement_group_id": ""
              }
            ],
            "platform_id": "standard-v1",
            "resources": [
              {
                "core_fraction": 100,
                "cores": 4,
                "gpus": 0,
                "memory": 4
              }
            ],
            "scheduling_policy": [
              {
                "preemptible": false
              }
            ],
            "secondary_disk": [],
            "service_account_id": "",
            "status": "running",
            "timeouts": null,
            "zone": "ru-central1-a"
          },
          "sensitive_attributes": [],
          "private": "eyJlMmJmYjczMC1lY2FhLTExZTYtOGY4OC0zNDM2M2JjN2M0YzAiOnsiY3JlYXRlIjozMDAwMDAwMDAwMDAsImRlbGV0ZSI6MzAwMDAwMDAwMDAwLCJ1cGRhdGUiOjMwMDAwMDAwMDAwMH0sInNjaGVtYV92ZXJzaW9uIjoiMSJ9",
          "dependencies": [
            "yandex_vpc_subnet.default"
          ]
        }
      ]
    },
    {
      "mode": "managed",
      "type": "yandex_vpc_network",
      "name": "default",
      "provider": "provider[\"registry.terraform.io/yandex-cloud/yandex\"]",
      "instances": [
        {
          "schema_version": 0,
          "attributes": {
            "created_at": "2022-03-21T13:51:12Z",
            "default_security_group_id": "",
            "description": "",
            "folder_id": "b1gido7jghida49n0l1h",
            "id": "enpubv5ot0f106tl132k",
            "labels": {},
            "name": "net",
            "subnet_ids": [
              "e9bjnm3v0agbk32bcpll"
            ],
            "timeouts": null
          },
          "sensitive_attributes": [],
          "private": "eyJlMmJmYjczMC1lY2FhLTExZTYtOGY4OC0zNDM2M2JjN2M0YzAiOnsiY3JlYXRlIjo2MDAwMDAwMDAwMCwiZGVsZXRlIjo2MDAwMDAwMDAwMCwidXBkYXRlIjo2MDAwMDAwMDAwMH19"
        }
      ]
    },
    {
      "mode": "managed",
      "type": "yandex_vpc_subnet",
      "name": "default",
      "provider": "provider[\"registry.terraform.io/yandex-cloud/yandex\"]",
      "instances": [
        {
          "schema_version": 0,
          "attributes": {
            "created_at": "2022-03-21T13:51:12Z",
            "description": "",
            "dhcp_options": [],
            "folder_id": "b1gido7jghida49n0l1h",
            "id": "e9bjnm3v0agbk32bcpll",
            "labels": {},
            "name": "subnet",
            "network_id": "enpubv5ot0f106tl132k",
            "route_table_id": "",
            "timeouts": null,
            "v4_cidr_blocks": [
              "192.168.101.0/24"
            ],
            "v6_cidr_blocks": [],
            "zone": "ru-central1-a"
          },
          "sensitive_attributes": [],
          "private": "eyJlMmJmYjczMC1lY2FhLTExZTYtOGY4OC0zNDM2M2JjN2M0YzAiOnsiY3JlYXRlIjoxODAwMDAwMDAwMDAsImRlbGV0ZSI6MTgwMDAwMDAwMDAwLCJ1cGRhdGUiOjE4MDAwMDAwMDAwMH19",
          "dependencies": [
            "yandex_vpc_network.default"
          ]
        }
      ]
    }
  ]
}
